
Microsoft Visual Studio Solution File, Format Version 12.00
# Visual Studio Version 16
VisualStudioVersion = 16.0.29609.76
MinimumVisualStudioVersion = 10.0.40219.1
Project("{FAE04EC0-301F-11D3-BF4B-00C04F79EFBC}") = "AssignmentBabyClothes", "AssignmentBabyClothes\AssignmentBabyClothes.csproj", "{697F5EFE-5806-45DE-86E0-1DF2477A33E5}"
EndProject
Global
	GlobalSection(SolutionConfigurationPlatforms) = preSolution
		Debug|Any CPU = Debug|Any CPU
		Release|Any CPU = Release|Any CPU
	EndGlobalSection
	GlobalSection(ProjectConfigurationPlatforms) = postSolution
		{697F5EFE-5806-45DE-86E0-1DF2477A33E5}.Debug|Any CPU.ActiveCfg = Debug|Any CPU
		{697F5EFE-5806-45DE-86E0-1DF2477A33E5}.Debug|Any CPU.Build.0 = Debug|Any CPU
		{697F5EFE-5806-45DE-86E0-1DF2477A33E5}.Release|Any CPU.ActiveCfg = Release|Any CPU
		{697F5EFE-5806-45DE-86E0-1DF2477A33E5}.Release|Any CPU.Build.0 = Release|Any CPU
	EndGlobalSection
	GlobalSection(SolutionProperties) = preSolution
		HideSolutionNode = FALSE
	EndGlobalSection
	GlobalSection(ExtensibilityGlobals) = postSolution
		SolutionGuid = {28669D3B-D773-4423-B039-A69D30F4A05A}
	EndGlobalSection
EndGlobal
